
Microsoft Visual Studio Solution File, Format Version 12.00
# Visual Studio 2012
Project("{FAE04EC0-301F-11D3-BF4B-00C04F79EFBC}") = "WifiSample", "WifiSample\WifiSample.csproj", "{ABEE0121-4E0B-4264-89AB-AAA6DF726626}"
EndProject
Global
	GlobalSection(SolutionConfigurationPlatforms) = preSolution
		Debug|Any CPU = Debug|Any CPU
		Release|Any CPU = Release|Any CPU
	EndGlobalSection
	GlobalSection(ProjectConfigurationPlatforms) = postSolution
		{ABEE0121-4E0B-4264-89AB-AAA6DF726626}.Debug|Any CPU.ActiveCfg = Debug|Any CPU
		{ABEE0121-4E0B-4264-89AB-AAA6DF726626}.Debug|Any CPU.Build.0 = Debug|Any CPU
		{ABEE0121-4E0B-4264-89AB-AAA6DF726626}.Debug|Any CPU.Deploy.0 = Debug|Any CPU
		{ABEE0121-4E0B-4264-89AB-AAA6DF726626}.Release|Any CPU.ActiveCfg = Release|Any CPU
		{ABEE0121-4E0B-4264-89AB-AAA6DF726626}.Release|Any CPU.Build.0 = Release|Any CPU
		{ABEE0121-4E0B-4264-89AB-AAA6DF726626}.Release|Any CPU.Deploy.0 = Release|Any CPU
	EndGlobalSection
	GlobalSection(SolutionProperties) = preSolution
		HideSolutionNode = FALSE
	EndGlobalSection
EndGlobal
